// !$*UTF8*$!
{
	archiveVersion = 1;
	classes = {
	};
	objectVersion = 50;
	objects = {

/* Begin PBXBuildFile section */
		1E66E8DF2269062300F93A46 /* TunerViewController.swift in Sources */ = {isa = PBXBuildFile; fileRef = 1E66E8DE2269062300F93A46 /* TunerViewController.swift */; };
		1EBE49C32278656E00C1C00F /* DMSpectrum.framework in Frameworks */ = {isa = PBXBuildFile; fileRef = 1E50C1B42277926D00764168 /* DMSpectrum.framework */; };
		1EBE49C42278656E00C1C00F /* DMSpectrum.framework in Embed Frameworks */ = {isa = PBXBuildFile; fileRef = 1E50C1B42277926D00764168 /* DMSpectrum.framework */; settings = {ATTRIBUTES = (CodeSignOnCopy, RemoveHeadersOnCopy, ); }; };
		720233EA2265BBCC009EE218 /* AppDelegate.swift in Sources */ = {isa = PBXBuildFile; fileRef = 720233E92265BBCC009EE218 /* AppDelegate.swift */; };
		720233EE2265BBCD009EE218 /* Assets.xcassets in Resources */ = {isa = PBXBuildFile; fileRef = 720233ED2265BBCD009EE218 /* Assets.xcassets */; };
		720233F12265BBCD009EE218 /* Main.storyboard in Resources */ = {isa = PBXBuildFile; fileRef = 720233EF2265BBCD009EE218 /* Main.storyboard */; };
		72691842229D3481006C853B /* CreateDevice.storyboard in Resources */ = {isa = PBXBuildFile; fileRef = 72691841229D3481006C853B /* CreateDevice.storyboard */; };
		72691845229D34B5006C853B /* CreateDeviceViewController.swift in Sources */ = {isa = PBXBuildFile; fileRef = 72691844229D34B5006C853B /* CreateDeviceViewController.swift */; };
		72691848229D3C6C006C853B /* CreateDeviceWindowController.swift in Sources */ = {isa = PBXBuildFile; fileRef = 72691847229D3C6C006C853B /* CreateDeviceWindowController.swift */; };
		727CB9A02282BC2600A45F8C /* DragView.swift in Sources */ = {isa = PBXBuildFile; fileRef = 727CB99F2282BC2600A45F8C /* DragView.swift */; };
		727CB9A32282BC6000A45F8C /* NSDraggingInfo+DraggedFileURL.swift in Sources */ = {isa = PBXBuildFile; fileRef = 727CB9A22282BC6000A45F8C /* NSDraggingInfo+DraggedFileURL.swift */; };
		7293B8832268655D00820CED /* SpectrumViewController.swift in Sources */ = {isa = PBXBuildFile; fileRef = 7293B8822268655D00820CED /* SpectrumViewController.swift */; };
		72C79A192269A5D100E9A4E1 /* Charts.framework in Frameworks */ = {isa = PBXBuildFile; fileRef = 72C79A182269A5D100E9A4E1 /* Charts.framework */; };
		72C79A1A2269A5D100E9A4E1 /* Charts.framework in Embed Frameworks */ = {isa = PBXBuildFile; fileRef = 72C79A182269A5D100E9A4E1 /* Charts.framework */; settings = {ATTRIBUTES = (CodeSignOnCopy, RemoveHeadersOnCopy, ); }; };
		72C79A1C2269A5D200E9A4E1 /* SDR.framework in Frameworks */ = {isa = PBXBuildFile; fileRef = 72C79A1B2269A5D200E9A4E1 /* SDR.framework */; };
		72C79A1D2269A5D200E9A4E1 /* SDR.framework in Embed Frameworks */ = {isa = PBXBuildFile; fileRef = 72C79A1B2269A5D200E9A4E1 /* SDR.framework */; settings = {ATTRIBUTES = (CodeSignOnCopy, RemoveHeadersOnCopy, ); }; };
		72C79A1F2269A5D200E9A4E1 /* SwiftChart.framework in Frameworks */ = {isa = PBXBuildFile; fileRef = 72C79A1E2269A5D200E9A4E1 /* SwiftChart.framework */; };
		72C79A202269A5D200E9A4E1 /* SwiftChart.framework in Embed Frameworks */ = {isa = PBXBuildFile; fileRef = 72C79A1E2269A5D200E9A4E1 /* SwiftChart.framework */; settings = {ATTRIBUTES = (CodeSignOnCopy, RemoveHeadersOnCopy, ); }; };
		72E4594522706882001F123E /* DevicesViewController.swift in Sources */ = {isa = PBXBuildFile; fileRef = 72E4594422706882001F123E /* DevicesViewController.swift */; };
		72E45948227068D6001F123E /* DemodulatorViewController.swift in Sources */ = {isa = PBXBuildFile; fileRef = 72E45946227068D6001F123E /* DemodulatorViewController.swift */; };
		72EB3ECF2272E0FE00CDA861 /* DevicesViewModel.swift in Sources */ = {isa = PBXBuildFile; fileRef = 72EB3ECE2272E0FE00CDA861 /* DevicesViewModel.swift */; };
		72EB3ED12272EA9400CDA861 /* DemodulatorViewModel.swift in Sources */ = {isa = PBXBuildFile; fileRef = 72EB3ED02272EA9400CDA861 /* DemodulatorViewModel.swift */; };
		72EB3ED52272F01B00CDA861 /* BindedDeviceCell.swift in Sources */ = {isa = PBXBuildFile; fileRef = 72EB3ED42272F01B00CDA861 /* BindedDeviceCell.swift */; };
		72EB3ED72272F03100CDA861 /* BindedDeviceCell.xib in Resources */ = {isa = PBXBuildFile; fileRef = 72EB3ED62272F03100CDA861 /* BindedDeviceCell.xib */; };
		72EB3EDB2273028800CDA861 /* AvailableDeviceCell.swift in Sources */ = {isa = PBXBuildFile; fileRef = 72EB3EDA2273028800CDA861 /* AvailableDeviceCell.swift */; };
		72EB3EDD2273032A00CDA861 /* AvailableDeviceCell.xib in Resources */ = {isa = PBXBuildFile; fileRef = 72EB3EDC227302C200CDA861 /* AvailableDeviceCell.xib */; };
/* End PBXBuildFile section */

/* Begin PBXCopyFilesBuildPhase section */
		72C79A212269A5D200E9A4E1 /* Embed Frameworks */ = {
			isa = PBXCopyFilesBuildPhase;
			buildActionMask = 2147483647;
			dstPath = "";
			dstSubfolderSpec = 10;
			files = (
				1EBE49C42278656E00C1C00F /* DMSpectrum.framework in Embed Frameworks */,
				72C79A1D2269A5D200E9A4E1 /* SDR.framework in Embed Frameworks */,
				72C79A1A2269A5D100E9A4E1 /* Charts.framework in Embed Frameworks */,
				72C79A202269A5D200E9A4E1 /* SwiftChart.framework in Embed Frameworks */,
			);
			name = "Embed Frameworks";
			runOnlyForDeploymentPostprocessing = 0;
		};
/* End PBXCopyFilesBuildPhase section */

/* Begin PBXFileReference section */
		1E50C1B42277926D00764168 /* DMSpectrum.framework */ = {isa = PBXFileReference; explicitFileType = wrapper.framework; path = DMSpectrum.framework; sourceTree = BUILT_PRODUCTS_DIR; };
		1E66E8DE2269062300F93A46 /* TunerViewController.swift */ = {isa = PBXFileReference; lastKnownFileType = sourcecode.swift; path = TunerViewController.swift; sourceTree = "<group>"; };
		720233E62265BBCC009EE218 /* ViScope.app */ = {isa = PBXFileReference; explicitFileType = wrapper.application; includeInIndex = 0; path = ViScope.app; sourceTree = BUILT_PRODUCTS_DIR; };
		720233E92265BBCC009EE218 /* AppDelegate.swift */ = {isa = PBXFileReference; lastKnownFileType = sourcecode.swift; path = AppDelegate.swift; sourceTree = "<group>"; };
		720233ED2265BBCD009EE218 /* Assets.xcassets */ = {isa = PBXFileReference; lastKnownFileType = folder.assetcatalog; path = Assets.xcassets; sourceTree = "<group>"; };
		720233F02265BBCD009EE218 /* Base */ = {isa = PBXFileReference; lastKnownFileType = file.storyboard; name = Base; path = Base.lproj/Main.storyboard; sourceTree = "<group>"; };
		720233F22265BBCD009EE218 /* Info.plist */ = {isa = PBXFileReference; lastKnownFileType = text.plist.xml; path = Info.plist; sourceTree = "<group>"; };
		720233F32265BBCD009EE218 /* ViScope.entitlements */ = {isa = PBXFileReference; lastKnownFileType = text.plist.entitlements; path = ViScope.entitlements; sourceTree = "<group>"; };
		72691841229D3481006C853B /* CreateDevice.storyboard */ = {isa = PBXFileReference; lastKnownFileType = file.storyboard; path = CreateDevice.storyboard; sourceTree = "<group>"; };
		72691844229D34B5006C853B /* CreateDeviceViewController.swift */ = {isa = PBXFileReference; lastKnownFileType = sourcecode.swift; path = CreateDeviceViewController.swift; sourceTree = "<group>"; };
		72691847229D3C6C006C853B /* CreateDeviceWindowController.swift */ = {isa = PBXFileReference; lastKnownFileType = sourcecode.swift; path = CreateDeviceWindowController.swift; sourceTree = "<group>"; };
		727CB99F2282BC2600A45F8C /* DragView.swift */ = {isa = PBXFileReference; lastKnownFileType = sourcecode.swift; path = DragView.swift; sourceTree = "<group>"; };
		727CB9A22282BC6000A45F8C /* NSDraggingInfo+DraggedFileURL.swift */ = {isa = PBXFileReference; lastKnownFileType = sourcecode.swift; path = "NSDraggingInfo+DraggedFileURL.swift"; sourceTree = "<group>"; };
		7293B8822268655D00820CED /* SpectrumViewController.swift */ = {isa = PBXFileReference; lastKnownFileType = sourcecode.swift; path = SpectrumViewController.swift; sourceTree = "<group>"; };
		72C79A182269A5D100E9A4E1 /* Charts.framework */ = {isa = PBXFileReference; explicitFileType = wrapper.framework; path = Charts.framework; sourceTree = BUILT_PRODUCTS_DIR; };
		72C79A1B2269A5D200E9A4E1 /* SDR.framework */ = {isa = PBXFileReference; explicitFileType = wrapper.framework; path = SDR.framework; sourceTree = BUILT_PRODUCTS_DIR; };
		72C79A1E2269A5D200E9A4E1 /* SwiftChart.framework */ = {isa = PBXFileReference; explicitFileType = wrapper.framework; path = SwiftChart.framework; sourceTree = BUILT_PRODUCTS_DIR; };
		72E4594422706882001F123E /* DevicesViewController.swift */ = {isa = PBXFileReference; lastKnownFileType = sourcecode.swift; path = DevicesViewController.swift; sourceTree = "<group>"; };
		72E45946227068D6001F123E /* DemodulatorViewController.swift */ = {isa = PBXFileReference; lastKnownFileType = sourcecode.swift; path = DemodulatorViewController.swift; sourceTree = "<group>"; };
		72EB3ECE2272E0FE00CDA861 /* DevicesViewModel.swift */ = {isa = PBXFileReference; lastKnownFileType = sourcecode.swift; path = DevicesViewModel.swift; sourceTree = "<group>"; };
		72EB3ED02272EA9400CDA861 /* DemodulatorViewModel.swift */ = {isa = PBXFileReference; lastKnownFileType = sourcecode.swift; path = DemodulatorViewModel.swift; sourceTree = "<group>"; };
		72EB3ED42272F01B00CDA861 /* BindedDeviceCell.swift */ = {isa = PBXFileReference; lastKnownFileType = sourcecode.swift; path = BindedDeviceCell.swift; sourceTree = "<group>"; };
		72EB3ED62272F03100CDA861 /* BindedDeviceCell.xib */ = {isa = PBXFileReference; lastKnownFileType = file.xib; path = BindedDeviceCell.xib; sourceTree = "<group>"; };
		72EB3EDA2273028800CDA861 /* AvailableDeviceCell.swift */ = {isa = PBXFileReference; lastKnownFileType = sourcecode.swift; path = AvailableDeviceCell.swift; sourceTree = "<group>"; };
		72EB3EDC227302C200CDA861 /* AvailableDeviceCell.xib */ = {isa = PBXFileReference; lastKnownFileType = file.xib; path = AvailableDeviceCell.xib; sourceTree = "<group>"; };
/* End PBXFileReference section */

/* Begin PBXFrameworksBuildPhase section */
		720233E32265BBCC009EE218 /* Frameworks */ = {
			isa = PBXFrameworksBuildPhase;
			buildActionMask = 2147483647;
			files = (
				1EBE49C32278656E00C1C00F /* DMSpectrum.framework in Frameworks */,
				72C79A1C2269A5D200E9A4E1 /* SDR.framework in Frameworks */,
				72C79A192269A5D100E9A4E1 /* Charts.framework in Frameworks */,
				72C79A1F2269A5D200E9A4E1 /* SwiftChart.framework in Frameworks */,
			);
			runOnlyForDeploymentPostprocessing = 0;
		};
/* End PBXFrameworksBuildPhase section */

/* Begin PBXGroup section */
		1E33929D226C878900AD052F /* Spectrum */ = {
			isa = PBXGroup;
			children = (
				7293B8822268655D00820CED /* SpectrumViewController.swift */,
			);
			path = Spectrum;
			sourceTree = "<group>";
		};
		1E33929E226C878E00AD052F /* Tuner */ = {
			isa = PBXGroup;
			children = (
				1E66E8DE2269062300F93A46 /* TunerViewController.swift */,
			);
			path = Tuner;
			sourceTree = "<group>";
		};
		720233DD2265BBCC009EE218 = {
			isa = PBXGroup;
			children = (
				720233E82265BBCC009EE218 /* ViScope */,
				720233E72265BBCC009EE218 /* Products */,
				720234CD22671328009EE218 /* Frameworks */,
			);
			sourceTree = "<group>";
		};
		720233E72265BBCC009EE218 /* Products */ = {
			isa = PBXGroup;
			children = (
				720233E62265BBCC009EE218 /* ViScope.app */,
			);
			name = Products;
			sourceTree = "<group>";
		};
		720233E82265BBCC009EE218 /* ViScope */ = {
			isa = PBXGroup;
			children = (
				72F670C222685CC000D61EE8 /* UI */,
				720233E92265BBCC009EE218 /* AppDelegate.swift */,
				720233ED2265BBCD009EE218 /* Assets.xcassets */,
				720233F22265BBCD009EE218 /* Info.plist */,
				720233F32265BBCD009EE218 /* ViScope.entitlements */,
			);
			path = ViScope;
			sourceTree = "<group>";
		};
		720234CD22671328009EE218 /* Frameworks */ = {
			isa = PBXGroup;
			children = (
				72C79A1E2269A5D200E9A4E1 /* SwiftChart.framework */,
				72C79A1B2269A5D200E9A4E1 /* SDR.framework */,
				72C79A182269A5D100E9A4E1 /* Charts.framework */,
				1E50C1B42277926D00764168 /* DMSpectrum.framework */,
			);
			name = Frameworks;
			sourceTree = "<group>";
		};
		72691843229D349F006C853B /* CreateDevice */ = {
			isa = PBXGroup;
			children = (
				72691847229D3C6C006C853B /* CreateDeviceWindowController.swift */,
				72691844229D34B5006C853B /* CreateDeviceViewController.swift */,
			);
			path = CreateDevice;
			sourceTree = "<group>";
		};
		727CB9A12282BC3500A45F8C /* Common */ = {
			isa = PBXGroup;
			children = (
				727CB99F2282BC2600A45F8C /* DragView.swift */,
				727CB9A22282BC6000A45F8C /* NSDraggingInfo+DraggedFileURL.swift */,
			);
			path = Common;
			sourceTree = "<group>";
		};
		72E4594222706814001F123E /* Devices */ = {
			isa = PBXGroup;
			children = (
				72EB3ED92273027600CDA861 /* Cells */,
				72E4594422706882001F123E /* DevicesViewController.swift */,
				72EB3ECE2272E0FE00CDA861 /* DevicesViewModel.swift */,
			);
			path = Devices;
			sourceTree = "<group>";
		};
		72E4594322706823001F123E /* Demodulator */ = {
			isa = PBXGroup;
			children = (
				72E45946227068D6001F123E /* DemodulatorViewController.swift */,
				72EB3ED02272EA9400CDA861 /* DemodulatorViewModel.swift */,
			);
			path = Demodulator;
			sourceTree = "<group>";
		};
		72EB3ED92273027600CDA861 /* Cells */ = {
			isa = PBXGroup;
			children = (
				72EB3EDA2273028800CDA861 /* AvailableDeviceCell.swift */,
				72EB3EDC227302C200CDA861 /* AvailableDeviceCell.xib */,
				72EB3ED42272F01B00CDA861 /* BindedDeviceCell.swift */,
				72EB3ED62272F03100CDA861 /* BindedDeviceCell.xib */,
			);
			path = Cells;
			sourceTree = "<group>";
		};
		72F670C222685CC000D61EE8 /* UI */ = {
			isa = PBXGroup;
			children = (
				72691843229D349F006C853B /* CreateDevice */,
				727CB9A12282BC3500A45F8C /* Common */,
				72E4594222706814001F123E /* Devices */,
				1E33929E226C878E00AD052F /* Tuner */,
				1E33929D226C878900AD052F /* Spectrum */,
				72E4594322706823001F123E /* Demodulator */,
				720233EF2265BBCD009EE218 /* Main.storyboard */,
				72691841229D3481006C853B /* CreateDevice.storyboard */,
			);
			path = UI;
			sourceTree = "<group>";
		};
/* End PBXGroup section */

/* Begin PBXNativeTarget section */
		720233E52265BBCC009EE218 /* ViScope */ = {
			isa = PBXNativeTarget;
			buildConfigurationList = 720233F62265BBCD009EE218 /* Build configuration list for PBXNativeTarget "ViScope" */;
			buildPhases = (
				1E6628DA2270ECF800E01E64 /* Tag Processor */,
				720233E22265BBCC009EE218 /* Sources */,
				720233E32265BBCC009EE218 /* Frameworks */,
				720233E42265BBCC009EE218 /* Resources */,
				72C79A212269A5D200E9A4E1 /* Embed Frameworks */,
			);
			buildRules = (
			);
			dependencies = (
			);
			name = ViScope;
			productName = ViScope;
			productReference = 720233E62265BBCC009EE218 /* ViScope.app */;
			productType = "com.apple.product-type.application";
		};
/* End PBXNativeTarget section */

/* Begin PBXProject section */
		720233DE2265BBCC009EE218 /* Project object */ = {
			isa = PBXProject;
			attributes = {
				LastSwiftUpdateCheck = 1020;
				LastUpgradeCheck = 1020;
				ORGANIZATIONNAME = "Davorin Mađarić";
				TargetAttributes = {
					720233E52265BBCC009EE218 = {
						CreatedOnToolsVersion = 10.2;
						LastSwiftMigration = 1020;
						SystemCapabilities = {
							com.apple.Sandbox = {
								enabled = 1;
							};
						};
					};
				};
			};
			buildConfigurationList = 720233E12265BBCC009EE218 /* Build configuration list for PBXProject "ViScope" */;
			compatibilityVersion = "Xcode 9.3";
			developmentRegion = en;
			hasScannedForEncodings = 0;
			knownRegions = (
				en,
				Base,
			);
			mainGroup = 720233DD2265BBCC009EE218;
			productRefGroup = 720233E72265BBCC009EE218 /* Products */;
			projectDirPath = "";
			projectRoot = "";
			targets = (
				720233E52265BBCC009EE218 /* ViScope */,
			);
		};
/* End PBXProject section */

/* Begin PBXResourcesBuildPhase section */
		720233E42265BBCC009EE218 /* Resources */ = {
			isa = PBXResourcesBuildPhase;
			buildActionMask = 2147483647;
			files = (
				72691842229D3481006C853B /* CreateDevice.storyboard in Resources */,
				720233EE2265BBCD009EE218 /* Assets.xcassets in Resources */,
				72EB3EDD2273032A00CDA861 /* AvailableDeviceCell.xib in Resources */,
				72EB3ED72272F03100CDA861 /* BindedDeviceCell.xib in Resources */,
				720233F12265BBCD009EE218 /* Main.storyboard in Resources */,
			);
			runOnlyForDeploymentPostprocessing = 0;
		};
/* End PBXResourcesBuildPhase section */

/* Begin PBXShellScriptBuildPhase section */
		1E6628DA2270ECF800E01E64 /* Tag Processor */ = {
			isa = PBXShellScriptBuildPhase;
			buildActionMask = 2147483647;
			files = (
			);
			inputFileListPaths = (
			);
			inputPaths = (
			);
			name = "Tag Processor";
			outputFileListPaths = (
			);
			outputPaths = (
			);
			runOnlyForDeploymentPostprocessing = 0;
			shellPath = /bin/sh;
			shellScript = "TAGS=\"TODO:|FIXME:\"\nERRORTAG=\"ERROR:\"\nfind \"${SRCROOT}\" \\( -name \"*.h\" -or -name \"*.m\" -or -name \"*.swift\" \\) -print0 | xargs -0 egrep --with-filename --line-number --only-matching \"($TAGS).*\\$|($ERRORTAG).*\\$\" | perl -p -e \"s/($TAGS)/ warning: \\$1/\" | perl -p -e \"s/($ERRORTAG)/ error: \\$1/\"\n";
		};
/* End PBXShellScriptBuildPhase section */

/* Begin PBXSourcesBuildPhase section */
		720233E22265BBCC009EE218 /* Sources */ = {
			isa = PBXSourcesBuildPhase;
			buildActionMask = 2147483647;
			files = (
				727CB9A02282BC2600A45F8C /* DragView.swift in Sources */,
				72EB3ECF2272E0FE00CDA861 /* DevicesViewModel.swift in Sources */,
				72EB3ED52272F01B00CDA861 /* BindedDeviceCell.swift in Sources */,
				1E66E8DF2269062300F93A46 /* TunerViewController.swift in Sources */,
				72EB3ED12272EA9400CDA861 /* DemodulatorViewModel.swift in Sources */,
				727CB9A32282BC6000A45F8C /* NSDraggingInfo+DraggedFileURL.swift in Sources */,
				72E45948227068D6001F123E /* DemodulatorViewController.swift in Sources */,
				720233EA2265BBCC009EE218 /* AppDelegate.swift in Sources */,
				72691845229D34B5006C853B /* CreateDeviceViewController.swift in Sources */,
				72691848229D3C6C006C853B /* CreateDeviceWindowController.swift in Sources */,
				72E4594522706882001F123E /* DevicesViewController.swift in Sources */,
				7293B8832268655D00820CED /* SpectrumViewController.swift in Sources */,
				72EB3EDB2273028800CDA861 /* AvailableDeviceCell.swift in Sources */,
			);
			runOnlyForDeploymentPostprocessing = 0;
		};
/* End PBXSourcesBuildPhase section */

/* Begin PBXVariantGroup section */
		720233EF2265BBCD009EE218 /* Main.storyboard */ = {
			isa = PBXVariantGroup;
			children = (
				720233F02265BBCD009EE218 /* Base */,
			);
			name = Main.storyboard;
			sourceTree = "<group>";
		};
/* End PBXVariantGroup section */

/* Begin XCBuildConfiguration section */
		720233F42265BBCD009EE218 /* Debug */ = {
			isa = XCBuildConfiguration;
			buildSettings = {
				ALWAYS_SEARCH_USER_PATHS = NO;
				CLANG_ANALYZER_NONNULL = YES;
				CLANG_ANALYZER_NUMBER_OBJECT_CONVERSION = YES_AGGRESSIVE;
				CLANG_CXX_LANGUAGE_STANDARD = "gnu++14";
				CLANG_CXX_LIBRARY = "libc++";
				CLANG_ENABLE_MODULES = YES;
				CLANG_ENABLE_OBJC_ARC = YES;
				CLANG_ENABLE_OBJC_WEAK = YES;
				CLANG_WARN_BLOCK_CAPTURE_AUTORELEASING = YES;
				CLANG_WARN_BOOL_CONVERSION = YES;
				CLANG_WARN_COMMA = YES;
				CLANG_WARN_CONSTANT_CONVERSION = YES;
				CLANG_WARN_DEPRECATED_OBJC_IMPLEMENTATIONS = YES;
				CLANG_WARN_DIRECT_OBJC_ISA_USAGE = YES_ERROR;
				CLANG_WARN_DOCUMENTATION_COMMENTS = YES;
				CLANG_WARN_EMPTY_BODY = YES;
				CLANG_WARN_ENUM_CONVERSION = YES;
				CLANG_WARN_INFINITE_RECURSION = YES;
				CLANG_WARN_INT_CONVERSION = YES;
				CLANG_WARN_NON_LITERAL_NULL_CONVERSION = YES;
				CLANG_WARN_OBJC_IMPLICIT_RETAIN_SELF = YES;
				CLANG_WARN_OBJC_LITERAL_CONVERSION = YES;
				CLANG_WARN_OBJC_ROOT_CLASS = YES_ERROR;
				CLANG_WARN_RANGE_LOOP_ANALYSIS = YES;
				CLANG_WARN_STRICT_PROTOTYPES = YES;
				CLANG_WARN_SUSPICIOUS_MOVE = YES;
				CLANG_WARN_UNGUARDED_AVAILABILITY = YES_AGGRESSIVE;
				CLANG_WARN_UNREACHABLE_CODE = YES;
				CLANG_WARN__DUPLICATE_METHOD_MATCH = YES;
				CODE_SIGN_IDENTITY = "Mac Developer";
				COPY_PHASE_STRIP = NO;
				DEBUG_INFORMATION_FORMAT = dwarf;
				ENABLE_STRICT_OBJC_MSGSEND = YES;
				ENABLE_TESTABILITY = YES;
				GCC_C_LANGUAGE_STANDARD = gnu11;
				GCC_DYNAMIC_NO_PIC = NO;
				GCC_NO_COMMON_BLOCKS = YES;
				GCC_OPTIMIZATION_LEVEL = 0;
				GCC_PREPROCESSOR_DEFINITIONS = (
					"DEBUG=1",
					"$(inherited)",
				);
				GCC_WARN_64_TO_32_BIT_CONVERSION = YES;
				GCC_WARN_ABOUT_RETURN_TYPE = YES_ERROR;
				GCC_WARN_UNDECLARED_SELECTOR = YES;
				GCC_WARN_UNINITIALIZED_AUTOS = YES_AGGRESSIVE;
				GCC_WARN_UNUSED_FUNCTION = YES;
				GCC_WARN_UNUSED_VARIABLE = YES;
				MACOSX_DEPLOYMENT_TARGET = 10.14;
				MTL_ENABLE_DEBUG_INFO = INCLUDE_SOURCE;
				MTL_FAST_MATH = YES;
				ONLY_ACTIVE_ARCH = YES;
				SDKROOT = macosx;
				SWIFT_ACTIVE_COMPILATION_CONDITIONS = DEBUG;
				SWIFT_OPTIMIZATION_LEVEL = "-Onone";
			};
			name = Debug;
		};
		720233F52265BBCD009EE218 /* Release */ = {
			isa = XCBuildConfiguration;
			buildSettings = {
				ALWAYS_SEARCH_USER_PATHS = NO;
				CLANG_ANALYZER_NONNULL = YES;
				CLANG_ANALYZER_NUMBER_OBJECT_CONVERSION = YES_AGGRESSIVE;
				CLANG_CXX_LANGUAGE_STANDARD = "gnu++14";
				CLANG_CXX_LIBRARY = "libc++";
				CLANG_ENABLE_MODULES = YES;
				CLANG_ENABLE_OBJC_ARC = YES;
				CLANG_ENABLE_OBJC_WEAK = YES;
				CLANG_WARN_BLOCK_CAPTURE_AUTORELEASING = YES;
				CLANG_WARN_BOOL_CONVERSION = YES;
				CLANG_WARN_COMMA = YES;
				CLANG_WARN_CONSTANT_CONVERSION = YES;
				CLANG_WARN_DEPRECATED_OBJC_IMPLEMENTATIONS = YES;
				CLANG_WARN_DIRECT_OBJC_ISA_USAGE = YES_ERROR;
				CLANG_WARN_DOCUMENTATION_COMMENTS = YES;
				CLANG_WARN_EMPTY_BODY = YES;
				CLANG_WARN_ENUM_CONVERSION = YES;
				CLANG_WARN_INFINITE_RECURSION = YES;
				CLANG_WARN_INT_CONVERSION = YES;
				CLANG_WARN_NON_LITERAL_NULL_CONVERSION = YES;
				CLANG_WARN_OBJC_IMPLICIT_RETAIN_SELF = YES;
				CLANG_WARN_OBJC_LITERAL_CONVERSION = YES;
				CLANG_WARN_OBJC_ROOT_CLASS = YES_ERROR;
				CLANG_WARN_RANGE_LOOP_ANALYSIS = YES;
				CLANG_WARN_STRICT_PROTOTYPES = YES;
				CLANG_WARN_SUSPICIOUS_MOVE = YES;
				CLANG_WARN_UNGUARDED_AVAILABILITY = YES_AGGRESSIVE;
				CLANG_WARN_UNREACHABLE_CODE = YES;
				CLANG_WARN__DUPLICATE_METHOD_MATCH = YES;
				CODE_SIGN_IDENTITY = "Mac Developer";
				COPY_PHASE_STRIP = NO;
				DEBUG_INFORMATION_FORMAT = "dwarf-with-dsym";
				ENABLE_NS_ASSERTIONS = NO;
				ENABLE_STRICT_OBJC_MSGSEND = YES;
				GCC_C_LANGUAGE_STANDARD = gnu11;
				GCC_NO_COMMON_BLOCKS = YES;
				GCC_WARN_64_TO_32_BIT_CONVERSION = YES;
				GCC_WARN_ABOUT_RETURN_TYPE = YES_ERROR;
				GCC_WARN_UNDECLARED_SELECTOR = YES;
				GCC_WARN_UNINITIALIZED_AUTOS = YES_AGGRESSIVE;
				GCC_WARN_UNUSED_FUNCTION = YES;
				GCC_WARN_UNUSED_VARIABLE = YES;
				MACOSX_DEPLOYMENT_TARGET = 10.14;
				MTL_ENABLE_DEBUG_INFO = NO;
				MTL_FAST_MATH = YES;
				SDKROOT = macosx;
				SWIFT_COMPILATION_MODE = wholemodule;
				SWIFT_OPTIMIZATION_LEVEL = "-O";
			};
			name = Release;
		};
		720233F72265BBCD009EE218 /* Debug */ = {
			isa = XCBuildConfiguration;
			buildSettings = {
				ASSETCATALOG_COMPILER_APPICON_NAME = AppIcon;
				CLANG_ENABLE_MODULES = YES;
				CODE_SIGN_ENTITLEMENTS = ViScope/ViScope.entitlements;
				CODE_SIGN_STYLE = Automatic;
				COMBINE_HIDPI_IMAGES = YES;
				DEVELOPMENT_TEAM = 68VR5CE66Z;
				INFOPLIST_FILE = ViScope/Info.plist;
				LD_RUNPATH_SEARCH_PATHS = (
					"$(inherited)",
					"@executable_path/../Frameworks",
				);
				PRODUCT_BUNDLE_IDENTIFIER = net.pluen.ViScope;
				PRODUCT_NAME = "$(TARGET_NAME)";
				SWIFT_OPTIMIZATION_LEVEL = "-Onone";
				SWIFT_VERSION = 5.0;
			};
			name = Debug;
		};
		720233F82265BBCD009EE218 /* Release */ = {
			isa = XCBuildConfiguration;
			buildSettings = {
				ASSETCATALOG_COMPILER_APPICON_NAME = AppIcon;
				CLANG_ENABLE_MODULES = YES;
				CODE_SIGN_ENTITLEMENTS = ViScope/ViScope.entitlements;
				CODE_SIGN_STYLE = Automatic;
				COMBINE_HIDPI_IMAGES = YES;
				DEVELOPMENT_TEAM = 68VR5CE66Z;
				INFOPLIST_FILE = ViScope/Info.plist;
				LD_RUNPATH_SEARCH_PATHS = (
					"$(inherited)",
					"@executable_path/../Frameworks",
				);
				PRODUCT_BUNDLE_IDENTIFIER = net.pluen.ViScope;
				PRODUCT_NAME = "$(TARGET_NAME)";
				SWIFT_VERSION = 5.0;
			};
			name = Release;
		};
/* End XCBuildConfiguration section */

/* Begin XCConfigurationList section */
		720233E12265BBCC009EE218 /* Build configuration list for PBXProject "ViScope" */ = {
			isa = XCConfigurationList;
			buildConfigurations = (
				720233F42265BBCD009EE218 /* Debug */,
				720233F52265BBCD009EE218 /* Release */,
			);
			defaultConfigurationIsVisible = 0;
			defaultConfigurationName = Release;
		};
		720233F62265BBCD009EE218 /* Build configuration list for PBXNativeTarget "ViScope" */ = {
			isa = XCConfigurationList;
			buildConfigurations = (
				720233F72265BBCD009EE218 /* Debug */,
				720233F82265BBCD009EE218 /* Release */,
			);
			defaultConfigurationIsVisible = 0;
			defaultConfigurationName = Release;
		};
/* End XCConfigurationList section */
	};
	rootObject = 720233DE2265BBCC009EE218 /* Project object */;
}
