// !$*UTF8*$!
{
	archiveVersion = 1;
	classes = {
	};
	objectVersion = 50;
	objects = {

/* Begin PBXBuildFile section */
		1EC7C27B22ABC1E2004D59DB /* SDRControls.h in Headers */ = {isa = PBXBuildFile; fileRef = 1EC7C27922ABC1E2004D59DB /* SDRControls.h */; settings = {ATTRIBUTES = (Public, ); }; };
		1EC7C29622ABC334004D59DB /* Platform.swift in Sources */ = {isa = PBXBuildFile; fileRef = 1EC7C28A22ABC334004D59DB /* Platform.swift */; };
		1EC7C29722ABC334004D59DB /* FrequencyChartView.swift in Sources */ = {isa = PBXBuildFile; fileRef = 1EC7C28C22ABC334004D59DB /* FrequencyChartView.swift */; };
		1EC7C29822ABC334004D59DB /* FrequencyPolarView.swift in Sources */ = {isa = PBXBuildFile; fileRef = 1EC7C28D22ABC334004D59DB /* FrequencyPolarView.swift */; };
		1EC7C29922ABC334004D59DB /* FrequencyHistogramView.swift in Sources */ = {isa = PBXBuildFile; fileRef = 1EC7C28E22ABC334004D59DB /* FrequencyHistogramView.swift */; };
		1EC7C29A22ABC334004D59DB /* Colors.swift in Sources */ = {isa = PBXBuildFile; fileRef = 1EC7C28F22ABC334004D59DB /* Colors.swift */; };
/* End PBXBuildFile section */

/* Begin PBXFileReference section */
		1EC7C27622ABC1E2004D59DB /* SDRControls.framework */ = {isa = PBXFileReference; explicitFileType = wrapper.framework; includeInIndex = 0; path = SDRControls.framework; sourceTree = BUILT_PRODUCTS_DIR; };
		1EC7C27922ABC1E2004D59DB /* SDRControls.h */ = {isa = PBXFileReference; lastKnownFileType = sourcecode.c.h; path = SDRControls.h; sourceTree = "<group>"; };
		1EC7C27A22ABC1E2004D59DB /* Info.plist */ = {isa = PBXFileReference; lastKnownFileType = text.plist.xml; path = Info.plist; sourceTree = "<group>"; };
		1EC7C28A22ABC334004D59DB /* Platform.swift */ = {isa = PBXFileReference; fileEncoding = 4; lastKnownFileType = sourcecode.swift; path = Platform.swift; sourceTree = "<group>"; };
		1EC7C28C22ABC334004D59DB /* FrequencyChartView.swift */ = {isa = PBXFileReference; fileEncoding = 4; lastKnownFileType = sourcecode.swift; path = FrequencyChartView.swift; sourceTree = "<group>"; };
		1EC7C28D22ABC334004D59DB /* FrequencyPolarView.swift */ = {isa = PBXFileReference; fileEncoding = 4; lastKnownFileType = sourcecode.swift; path = FrequencyPolarView.swift; sourceTree = "<group>"; };
		1EC7C28E22ABC334004D59DB /* FrequencyHistogramView.swift */ = {isa = PBXFileReference; fileEncoding = 4; lastKnownFileType = sourcecode.swift; path = FrequencyHistogramView.swift; sourceTree = "<group>"; };
		1EC7C28F22ABC334004D59DB /* Colors.swift */ = {isa = PBXFileReference; fileEncoding = 4; lastKnownFileType = sourcecode.swift; path = Colors.swift; sourceTree = "<group>"; };
/* End PBXFileReference section */

/* Begin PBXFrameworksBuildPhase section */
		1EC7C27322ABC1E2004D59DB /* Frameworks */ = {
			isa = PBXFrameworksBuildPhase;
			buildActionMask = 2147483647;
			files = (
			);
			runOnlyForDeploymentPostprocessing = 0;
		};
/* End PBXFrameworksBuildPhase section */

/* Begin PBXGroup section */
		1EC7C26C22ABC1E2004D59DB = {
			isa = PBXGroup;
			children = (
				1EC7C27822ABC1E2004D59DB /* SDRControls */,
				1EC7C27722ABC1E2004D59DB /* Products */,
			);
			sourceTree = "<group>";
		};
		1EC7C27722ABC1E2004D59DB /* Products */ = {
			isa = PBXGroup;
			children = (
				1EC7C27622ABC1E2004D59DB /* SDRControls.framework */,
			);
			name = Products;
			sourceTree = "<group>";
		};
		1EC7C27822ABC1E2004D59DB /* SDRControls */ = {
			isa = PBXGroup;
			children = (
				1EC7C28122ABC334004D59DB /* SDRControls */,
				1EC7C27922ABC1E2004D59DB /* SDRControls.h */,
				1EC7C27A22ABC1E2004D59DB /* Info.plist */,
			);
			path = SDRControls;
			sourceTree = "<group>";
		};
		1EC7C28122ABC334004D59DB /* SDRControls */ = {
			isa = PBXGroup;
			children = (
				1EC7C28B22ABC334004D59DB /* Spectrum */,
				1EC7C28A22ABC334004D59DB /* Platform.swift */,
				1EC7C28F22ABC334004D59DB /* Colors.swift */,
			);
			path = SDRControls;
			sourceTree = "<group>";
		};
		1EC7C28B22ABC334004D59DB /* Spectrum */ = {
			isa = PBXGroup;
			children = (
				1EC7C28C22ABC334004D59DB /* FrequencyChartView.swift */,
				1EC7C28D22ABC334004D59DB /* FrequencyPolarView.swift */,
				1EC7C28E22ABC334004D59DB /* FrequencyHistogramView.swift */,
			);
			path = Spectrum;
			sourceTree = "<group>";
		};
/* End PBXGroup section */

/* Begin PBXHeadersBuildPhase section */
		1EC7C27122ABC1E2004D59DB /* Headers */ = {
			isa = PBXHeadersBuildPhase;
			buildActionMask = 2147483647;
			files = (
				1EC7C27B22ABC1E2004D59DB /* SDRControls.h in Headers */,
			);
			runOnlyForDeploymentPostprocessing = 0;
		};
/* End PBXHeadersBuildPhase section */

/* Begin PBXNativeTarget section */
		1EC7C27522ABC1E2004D59DB /* SDRControls */ = {
			isa = PBXNativeTarget;
			buildConfigurationList = 1EC7C27E22ABC1E2004D59DB /* Build configuration list for PBXNativeTarget "SDRControls" */;
			buildPhases = (
				1EC7C27122ABC1E2004D59DB /* Headers */,
				1EC7C27222ABC1E2004D59DB /* Sources */,
				1EC7C27322ABC1E2004D59DB /* Frameworks */,
				1EC7C27422ABC1E2004D59DB /* Resources */,
			);
			buildRules = (
			);
			dependencies = (
			);
			name = SDRControls;
			productName = SDRControls;
			productReference = 1EC7C27622ABC1E2004D59DB /* SDRControls.framework */;
			productType = "com.apple.product-type.framework";
		};
/* End PBXNativeTarget section */

/* Begin PBXProject section */
		1EC7C26D22ABC1E2004D59DB /* Project object */ = {
			isa = PBXProject;
			attributes = {
				LastUpgradeCheck = 1020;
				ORGANIZATIONNAME = "Davorin Madaric";
				TargetAttributes = {
					1EC7C27522ABC1E2004D59DB = {
						CreatedOnToolsVersion = 10.2.1;
					};
				};
			};
			buildConfigurationList = 1EC7C27022ABC1E2004D59DB /* Build configuration list for PBXProject "SDRControls" */;
			compatibilityVersion = "Xcode 9.3";
			developmentRegion = en;
			hasScannedForEncodings = 0;
			knownRegions = (
				en,
			);
			mainGroup = 1EC7C26C22ABC1E2004D59DB;
			productRefGroup = 1EC7C27722ABC1E2004D59DB /* Products */;
			projectDirPath = "";
			projectRoot = "";
			targets = (
				1EC7C27522ABC1E2004D59DB /* SDRControls */,
			);
		};
/* End PBXProject section */

/* Begin PBXResourcesBuildPhase section */
		1EC7C27422ABC1E2004D59DB /* Resources */ = {
			isa = PBXResourcesBuildPhase;
			buildActionMask = 2147483647;
			files = (
			);
			runOnlyForDeploymentPostprocessing = 0;
		};
/* End PBXResourcesBuildPhase section */

/* Begin PBXSourcesBuildPhase section */
		1EC7C27222ABC1E2004D59DB /* Sources */ = {
			isa = PBXSourcesBuildPhase;
			buildActionMask = 2147483647;
			files = (
				1EC7C29922ABC334004D59DB /* FrequencyHistogramView.swift in Sources */,
				1EC7C29A22ABC334004D59DB /* Colors.swift in Sources */,
				1EC7C29622ABC334004D59DB /* Platform.swift in Sources */,
				1EC7C29722ABC334004D59DB /* FrequencyChartView.swift in Sources */,
				1EC7C29822ABC334004D59DB /* FrequencyPolarView.swift in Sources */,
			);
			runOnlyForDeploymentPostprocessing = 0;
		};
/* End PBXSourcesBuildPhase section */

/* Begin XCBuildConfiguration section */
		1EC7C27C22ABC1E2004D59DB /* Debug */ = {
			isa = XCBuildConfiguration;
			buildSettings = {
				ALWAYS_SEARCH_USER_PATHS = NO;
				CLANG_ANALYZER_NONNULL = YES;
				CLANG_ANALYZER_NUMBER_OBJECT_CONVERSION = YES_AGGRESSIVE;
				CLANG_CXX_LANGUAGE_STANDARD = "gnu++14";
				CLANG_CXX_LIBRARY = "libc++";
				CLANG_ENABLE_MODULES = YES;
				CLANG_ENABLE_OBJC_ARC = YES;
				CLANG_ENABLE_OBJC_WEAK = YES;
				CLANG_WARN_BLOCK_CAPTURE_AUTORELEASING = YES;
				CLANG_WARN_BOOL_CONVERSION = YES;
				CLANG_WARN_COMMA = YES;
				CLANG_WARN_CONSTANT_CONVERSION = YES;
				CLANG_WARN_DEPRECATED_OBJC_IMPLEMENTATIONS = YES;
				CLANG_WARN_DIRECT_OBJC_ISA_USAGE = YES_ERROR;
				CLANG_WARN_DOCUMENTATION_COMMENTS = YES;
				CLANG_WARN_EMPTY_BODY = YES;
				CLANG_WARN_ENUM_CONVERSION = YES;
				CLANG_WARN_INFINITE_RECURSION = YES;
				CLANG_WARN_INT_CONVERSION = YES;
				CLANG_WARN_NON_LITERAL_NULL_CONVERSION = YES;
				CLANG_WARN_OBJC_IMPLICIT_RETAIN_SELF = YES;
				CLANG_WARN_OBJC_LITERAL_CONVERSION = YES;
				CLANG_WARN_OBJC_ROOT_CLASS = YES_ERROR;
				CLANG_WARN_RANGE_LOOP_ANALYSIS = YES;
				CLANG_WARN_STRICT_PROTOTYPES = YES;
				CLANG_WARN_SUSPICIOUS_MOVE = YES;
				CLANG_WARN_UNGUARDED_AVAILABILITY = YES_AGGRESSIVE;
				CLANG_WARN_UNREACHABLE_CODE = YES;
				CLANG_WARN__DUPLICATE_METHOD_MATCH = YES;
				CODE_SIGN_IDENTITY = "-";
				COPY_PHASE_STRIP = NO;
				CURRENT_PROJECT_VERSION = 1;
				DEBUG_INFORMATION_FORMAT = dwarf;
				ENABLE_STRICT_OBJC_MSGSEND = YES;
				ENABLE_TESTABILITY = YES;
				GCC_C_LANGUAGE_STANDARD = gnu11;
				GCC_DYNAMIC_NO_PIC = NO;
				GCC_NO_COMMON_BLOCKS = YES;
				GCC_OPTIMIZATION_LEVEL = 0;
				GCC_PREPROCESSOR_DEFINITIONS = (
					"DEBUG=1",
					"$(inherited)",
				);
				GCC_WARN_64_TO_32_BIT_CONVERSION = YES;
				GCC_WARN_ABOUT_RETURN_TYPE = YES_ERROR;
				GCC_WARN_UNDECLARED_SELECTOR = YES;
				GCC_WARN_UNINITIALIZED_AUTOS = YES_AGGRESSIVE;
				GCC_WARN_UNUSED_FUNCTION = YES;
				GCC_WARN_UNUSED_VARIABLE = YES;
				MACOSX_DEPLOYMENT_TARGET = 10.14;
				MTL_ENABLE_DEBUG_INFO = INCLUDE_SOURCE;
				MTL_FAST_MATH = YES;
				ONLY_ACTIVE_ARCH = YES;
				SDKROOT = macosx;
				SWIFT_ACTIVE_COMPILATION_CONDITIONS = DEBUG;
				SWIFT_OPTIMIZATION_LEVEL = "-Onone";
				VERSIONING_SYSTEM = "apple-generic";
				VERSION_INFO_PREFIX = "";
			};
			name = Debug;
		};
		1EC7C27D22ABC1E2004D59DB /* Release */ = {
			isa = XCBuildConfiguration;
			buildSettings = {
				ALWAYS_SEARCH_USER_PATHS = NO;
				CLANG_ANALYZER_NONNULL = YES;
				CLANG_ANALYZER_NUMBER_OBJECT_CONVERSION = YES_AGGRESSIVE;
				CLANG_CXX_LANGUAGE_STANDARD = "gnu++14";
				CLANG_CXX_LIBRARY = "libc++";
				CLANG_ENABLE_MODULES = YES;
				CLANG_ENABLE_OBJC_ARC = YES;
				CLANG_ENABLE_OBJC_WEAK = YES;
				CLANG_WARN_BLOCK_CAPTURE_AUTORELEASING = YES;
				CLANG_WARN_BOOL_CONVERSION = YES;
				CLANG_WARN_COMMA = YES;
				CLANG_WARN_CONSTANT_CONVERSION = YES;
				CLANG_WARN_DEPRECATED_OBJC_IMPLEMENTATIONS = YES;
				CLANG_WARN_DIRECT_OBJC_ISA_USAGE = YES_ERROR;
				CLANG_WARN_DOCUMENTATION_COMMENTS = YES;
				CLANG_WARN_EMPTY_BODY = YES;
				CLANG_WARN_ENUM_CONVERSION = YES;
				CLANG_WARN_INFINITE_RECURSION = YES;
				CLANG_WARN_INT_CONVERSION = YES;
				CLANG_WARN_NON_LITERAL_NULL_CONVERSION = YES;
				CLANG_WARN_OBJC_IMPLICIT_RETAIN_SELF = YES;
				CLANG_WARN_OBJC_LITERAL_CONVERSION = YES;
				CLANG_WARN_OBJC_ROOT_CLASS = YES_ERROR;
				CLANG_WARN_RANGE_LOOP_ANALYSIS = YES;
				CLANG_WARN_STRICT_PROTOTYPES = YES;
				CLANG_WARN_SUSPICIOUS_MOVE = YES;
				CLANG_WARN_UNGUARDED_AVAILABILITY = YES_AGGRESSIVE;
				CLANG_WARN_UNREACHABLE_CODE = YES;
				CLANG_WARN__DUPLICATE_METHOD_MATCH = YES;
				CODE_SIGN_IDENTITY = "-";
				COPY_PHASE_STRIP = NO;
				CURRENT_PROJECT_VERSION = 1;
				DEBUG_INFORMATION_FORMAT = "dwarf-with-dsym";
				ENABLE_NS_ASSERTIONS = NO;
				ENABLE_STRICT_OBJC_MSGSEND = YES;
				GCC_C_LANGUAGE_STANDARD = gnu11;
				GCC_NO_COMMON_BLOCKS = YES;
				GCC_WARN_64_TO_32_BIT_CONVERSION = YES;
				GCC_WARN_ABOUT_RETURN_TYPE = YES_ERROR;
				GCC_WARN_UNDECLARED_SELECTOR = YES;
				GCC_WARN_UNINITIALIZED_AUTOS = YES_AGGRESSIVE;
				GCC_WARN_UNUSED_FUNCTION = YES;
				GCC_WARN_UNUSED_VARIABLE = YES;
				MACOSX_DEPLOYMENT_TARGET = 10.14;
				MTL_ENABLE_DEBUG_INFO = NO;
				MTL_FAST_MATH = YES;
				SDKROOT = macosx;
				SWIFT_COMPILATION_MODE = wholemodule;
				SWIFT_OPTIMIZATION_LEVEL = "-O";
				VERSIONING_SYSTEM = "apple-generic";
				VERSION_INFO_PREFIX = "";
			};
			name = Release;
		};
		1EC7C27F22ABC1E2004D59DB /* Debug */ = {
			isa = XCBuildConfiguration;
			buildSettings = {
				CODE_SIGN_IDENTITY = "";
				CODE_SIGN_STYLE = Automatic;
				COMBINE_HIDPI_IMAGES = YES;
				DEFINES_MODULE = YES;
				DYLIB_COMPATIBILITY_VERSION = 1;
				DYLIB_CURRENT_VERSION = 1;
				DYLIB_INSTALL_NAME_BASE = "@rpath";
				FRAMEWORK_VERSION = A;
				INFOPLIST_FILE = SDRControls/Info.plist;
				INSTALL_PATH = "$(LOCAL_LIBRARY_DIR)/Frameworks";
				LD_RUNPATH_SEARCH_PATHS = (
					"$(inherited)",
					"@executable_path/../Frameworks",
					"@loader_path/Frameworks",
				);
				PRODUCT_BUNDLE_IDENTIFIER = net.pluen.SDRControls;
				PRODUCT_NAME = "$(TARGET_NAME:c99extidentifier)";
				SKIP_INSTALL = YES;
				SWIFT_VERSION = 5.0;
			};
			name = Debug;
		};
		1EC7C28022ABC1E2004D59DB /* Release */ = {
			isa = XCBuildConfiguration;
			buildSettings = {
				CODE_SIGN_IDENTITY = "";
				CODE_SIGN_STYLE = Automatic;
				COMBINE_HIDPI_IMAGES = YES;
				DEFINES_MODULE = YES;
				DYLIB_COMPATIBILITY_VERSION = 1;
				DYLIB_CURRENT_VERSION = 1;
				DYLIB_INSTALL_NAME_BASE = "@rpath";
				FRAMEWORK_VERSION = A;
				INFOPLIST_FILE = SDRControls/Info.plist;
				INSTALL_PATH = "$(LOCAL_LIBRARY_DIR)/Frameworks";
				LD_RUNPATH_SEARCH_PATHS = (
					"$(inherited)",
					"@executable_path/../Frameworks",
					"@loader_path/Frameworks",
				);
				PRODUCT_BUNDLE_IDENTIFIER = net.pluen.SDRControls;
				PRODUCT_NAME = "$(TARGET_NAME:c99extidentifier)";
				SKIP_INSTALL = YES;
				SWIFT_VERSION = 5.0;
			};
			name = Release;
		};
/* End XCBuildConfiguration section */

/* Begin XCConfigurationList section */
		1EC7C27022ABC1E2004D59DB /* Build configuration list for PBXProject "SDRControls" */ = {
			isa = XCConfigurationList;
			buildConfigurations = (
				1EC7C27C22ABC1E2004D59DB /* Debug */,
				1EC7C27D22ABC1E2004D59DB /* Release */,
			);
			defaultConfigurationIsVisible = 0;
			defaultConfigurationName = Release;
		};
		1EC7C27E22ABC1E2004D59DB /* Build configuration list for PBXNativeTarget "SDRControls" */ = {
			isa = XCConfigurationList;
			buildConfigurations = (
				1EC7C27F22ABC1E2004D59DB /* Debug */,
				1EC7C28022ABC1E2004D59DB /* Release */,
			);
			defaultConfigurationIsVisible = 0;
			defaultConfigurationName = Release;
		};
/* End XCConfigurationList section */
	};
	rootObject = 1EC7C26D22ABC1E2004D59DB /* Project object */;
}
